
Microsoft Visual Studio Solution File, Format Version 12.00
# Visual Studio 15
Project("{FAE04EC0-301F-11D3-BF4B-00C04F79EFBC}") = "CSharpGitHubBranching", "CSharpGitHubBranching\CSharpGitHubBranching.csproj", "{BD7B20C4-0943-4C05-92DD-7075225022DB}"
EndProject
Global
	GlobalSection(SolutionConfigurationPlatforms) = preSolution
		Debug|Any CPU = Debug|Any CPU
		Release|Any CPU = Release|Any CPU
	EndGlobalSection
	GlobalSection(ProjectConfigurationPlatforms) = postSolution
		{BD7B20C4-0943-4C05-92DD-7075225022DB}.Debug|Any CPU.ActiveCfg = Debug|Any CPU
		{BD7B20C4-0943-4C05-92DD-7075225022DB}.Debug|Any CPU.Build.0 = Debug|Any CPU
		{BD7B20C4-0943-4C05-92DD-7075225022DB}.Release|Any CPU.ActiveCfg = Release|Any CPU
		{BD7B20C4-0943-4C05-92DD-7075225022DB}.Release|Any CPU.Build.0 = Release|Any CPU
	EndGlobalSection
EndGlobal
